
Microsoft Visual Studio Solution File, Format Version 12.00
# Visual Studio Version 16
VisualStudioVersion = 16.0.31205.134
MinimumVisualStudioVersion = 10.0.40219.1
Project("{FAE04EC0-301F-11D3-BF4B-00C04F79EFBC}") = "FudgeMessage", "FudgeMessage\FudgeMessage.csproj", "{72B139FD-0449-4226-8314-5D392811BDB2}"
EndProject
Global
	GlobalSection(SolutionConfigurationPlatforms) = preSolution
		Debug|Any CPU = Debug|Any CPU
		Release|Any CPU = Release|Any CPU
	EndGlobalSection
	GlobalSection(ProjectConfigurationPlatforms) = postSolution
		{72B139FD-0449-4226-8314-5D392811BDB2}.Debug|Any CPU.ActiveCfg = Debug|Any CPU
		{72B139FD-0449-4226-8314-5D392811BDB2}.Debug|Any CPU.Build.0 = Debug|Any CPU
		{72B139FD-0449-4226-8314-5D392811BDB2}.Release|Any CPU.ActiveCfg = Release|Any CPU
		{72B139FD-0449-4226-8314-5D392811BDB2}.Release|Any CPU.Build.0 = Release|Any CPU
	EndGlobalSection
	GlobalSection(SolutionProperties) = preSolution
		HideSolutionNode = FALSE
	EndGlobalSection
	GlobalSection(ExtensibilityGlobals) = postSolution
		SolutionGuid = {56C2E9F4-F6EC-4E7F-ABFD-1434F5A683AD}
	EndGlobalSection
EndGlobal
